<?xml version="1.0" encoding="utf-8"?>
<Project ToolsVersion="4.0" xmlns="http://schemas.microsoft.com/developer/msbuild/2003">
  <ItemGroup>
    <Filter Include="src">
      <UniqueIdentifier>{4FC737F1-C7A5-4376-A066-2A32D752A2FF}</UniqueIdentifier>
      <Extensions>cpp;c;cc;cxx;c++;cppm;ixx;def;odl;idl;hpj;bat;asm;asmx</Extensions>
    </Filter>
    <Filter Include="src\sort">
      <UniqueIdentifier>{00a96911-6bbd-470a-b175-dfaa4fc3134f}</UniqueIdentifier>
    </Filter>
    <Filter Include="src\data">
      <UniqueIdentifier>{1aee2f38-5409-46be-b941-6b3a238fd4a0}</UniqueIdentifier>
    </Filter>
  </ItemGroup>
  <ItemGroup>
    <ClCompile Include="src\algorithm.cpp">
      <Filter>src</Filter>
    </ClCompile>
    <ClCompile Include="src\main.cpp">
      <Filter>src</Filter>
    </ClCompile>
    <ClCompile Include="src\sort\bubble.cpp">
      <Filter>src\sort</Filter>
    </ClCompile>
    <ClCompile Include="src\sort\quick.cpp">
      <Filter>src\sort</Filter>
    </ClCompile>
    <ClCompile Include="src\sort\sort_entrance.cpp">
      <Filter>src\sort</Filter>
    </ClCompile>
    <ClCompile Include="src\sort\insert.cpp">
      <Filter>src\sort</Filter>
    </ClCompile>
    <ClCompile Include="src\data\slist.cpp">
      <Filter>src\data</Filter>
    </ClCompile>
  </ItemGroup>
  <ItemGroup>
    <ClInclude Include="src\algorithm.h">
      <Filter>src</Filter>
    </ClInclude>
    <ClInclude Include="src\sort\sort_entrance.h">
      <Filter>src\sort</Filter>
    </ClInclude>
    <ClInclude Include="src\data\slist.h">
      <Filter>src\data</Filter>
    </ClInclude>
  </ItemGroup>
  <ItemGroup>
    <None Include="makefile" />
    <None Include="README.md" />
    <None Include=".gitignore" />
  </ItemGroup>
</Project>